
Microsoft Visual Studio Solution File, Format Version 12.00
# Visual Studio Version 16
VisualStudioVersion = 16.0.31515.178
MinimumVisualStudioVersion = 10.0.40219.1
Project("{FAE04EC0-301F-11D3-BF4B-00C04F79EFBC}") = "While_Statement_App", "While_Statement_App\While_Statement_App.csproj", "{8D5C0FF6-F2FC-4ACB-BF53-3C5DA557B55A}"
EndProject
Global
	GlobalSection(SolutionConfigurationPlatforms) = preSolution
		Debug|Any CPU = Debug|Any CPU
		Release|Any CPU = Release|Any CPU
	EndGlobalSection
	GlobalSection(ProjectConfigurationPlatforms) = postSolution
		{8D5C0FF6-F2FC-4ACB-BF53-3C5DA557B55A}.Debug|Any CPU.ActiveCfg = Debug|Any CPU
		{8D5C0FF6-F2FC-4ACB-BF53-3C5DA557B55A}.Debug|Any CPU.Build.0 = Debug|Any CPU
		{8D5C0FF6-F2FC-4ACB-BF53-3C5DA557B55A}.Release|Any CPU.ActiveCfg = Release|Any CPU
		{8D5C0FF6-F2FC-4ACB-BF53-3C5DA557B55A}.Release|Any CPU.Build.0 = Release|Any CPU
	EndGlobalSection
	GlobalSection(SolutionProperties) = preSolution
		HideSolutionNode = FALSE
	EndGlobalSection
	GlobalSection(ExtensibilityGlobals) = postSolution
		SolutionGuid = {6D31530D-16DE-443F-AD63-0710E321ACF4}
	EndGlobalSection
EndGlobal
