
Microsoft Visual Studio Solution File, Format Version 12.00
# Visual Studio Version 16
VisualStudioVersion = 16.0.31515.178
MinimumVisualStudioVersion = 10.0.40219.1
Project("{FAE04EC0-301F-11D3-BF4B-00C04F79EFBC}") = "ConsoleApp1", "ConsoleApp1\ConsoleApp1.csproj", "{CDF4916F-36E0-4450-B0D9-C069AF1C54A9}"
EndProject
Global
	GlobalSection(SolutionConfigurationPlatforms) = preSolution
		Debug|Any CPU = Debug|Any CPU
		Release|Any CPU = Release|Any CPU
	EndGlobalSection
	GlobalSection(ProjectConfigurationPlatforms) = postSolution
		{CDF4916F-36E0-4450-B0D9-C069AF1C54A9}.Debug|Any CPU.ActiveCfg = Debug|Any CPU
		{CDF4916F-36E0-4450-B0D9-C069AF1C54A9}.Debug|Any CPU.Build.0 = Debug|Any CPU
		{CDF4916F-36E0-4450-B0D9-C069AF1C54A9}.Release|Any CPU.ActiveCfg = Release|Any CPU
		{CDF4916F-36E0-4450-B0D9-C069AF1C54A9}.Release|Any CPU.Build.0 = Release|Any CPU
	EndGlobalSection
	GlobalSection(SolutionProperties) = preSolution
		HideSolutionNode = FALSE
	EndGlobalSection
	GlobalSection(ExtensibilityGlobals) = postSolution
		SolutionGuid = {EE957D0F-7175-4E6E-9310-D5942F63D0E9}
	EndGlobalSection
EndGlobal
