
Microsoft Visual Studio Solution File, Format Version 12.00
# Visual Studio Version 16
VisualStudioVersion = 16.0.31515.178
MinimumVisualStudioVersion = 10.0.40219.1
Project("{FAE04EC0-301F-11D3-BF4B-00C04F79EFBC}") = "Income_Comparison", "Income_Comparison\Income_Comparison.csproj", "{30086AEB-F6E9-4018-8406-8C7359379778}"
EndProject
Global
	GlobalSection(SolutionConfigurationPlatforms) = preSolution
		Debug|Any CPU = Debug|Any CPU
		Release|Any CPU = Release|Any CPU
	EndGlobalSection
	GlobalSection(ProjectConfigurationPlatforms) = postSolution
		{30086AEB-F6E9-4018-8406-8C7359379778}.Debug|Any CPU.ActiveCfg = Debug|Any CPU
		{30086AEB-F6E9-4018-8406-8C7359379778}.Debug|Any CPU.Build.0 = Debug|Any CPU
		{30086AEB-F6E9-4018-8406-8C7359379778}.Release|Any CPU.ActiveCfg = Release|Any CPU
		{30086AEB-F6E9-4018-8406-8C7359379778}.Release|Any CPU.Build.0 = Release|Any CPU
	EndGlobalSection
	GlobalSection(SolutionProperties) = preSolution
		HideSolutionNode = FALSE
	EndGlobalSection
	GlobalSection(ExtensibilityGlobals) = postSolution
		SolutionGuid = {E5D7D00F-A9BB-4F88-A6F5-D61DD89DEB42}
	EndGlobalSection
EndGlobal
