
Microsoft Visual Studio Solution File, Format Version 12.00
# Visual Studio Version 16
VisualStudioVersion = 16.0.31515.178
MinimumVisualStudioVersion = 10.0.40219.1
Project("{FAE04EC0-301F-11D3-BF4B-00C04F79EFBC}") = "NewsLetter", "NewsLetter\NewsLetter.csproj", "{ECF88CC6-EAD5-44E9-B9C8-8C3312C39F92}"
EndProject
Global
	GlobalSection(SolutionConfigurationPlatforms) = preSolution
		Debug|Any CPU = Debug|Any CPU
		Release|Any CPU = Release|Any CPU
	EndGlobalSection
	GlobalSection(ProjectConfigurationPlatforms) = postSolution
		{ECF88CC6-EAD5-44E9-B9C8-8C3312C39F92}.Debug|Any CPU.ActiveCfg = Debug|Any CPU
		{ECF88CC6-EAD5-44E9-B9C8-8C3312C39F92}.Debug|Any CPU.Build.0 = Debug|Any CPU
		{ECF88CC6-EAD5-44E9-B9C8-8C3312C39F92}.Release|Any CPU.ActiveCfg = Release|Any CPU
		{ECF88CC6-EAD5-44E9-B9C8-8C3312C39F92}.Release|Any CPU.Build.0 = Release|Any CPU
	EndGlobalSection
	GlobalSection(SolutionProperties) = preSolution
		HideSolutionNode = FALSE
	EndGlobalSection
	GlobalSection(ExtensibilityGlobals) = postSolution
		SolutionGuid = {C0F01994-32A4-4AAC-A7B9-E6A2021017B9}
	EndGlobalSection
EndGlobal
