
Microsoft Visual Studio Solution File, Format Version 12.00
# Visual Studio Version 16
VisualStudioVersion = 16.0.32126.315
MinimumVisualStudioVersion = 10.0.40219.1
Project("{FAE04EC0-301F-11D3-BF4B-00C04F79EFBC}") = "BankingApp", "BankingApp\BankingApp.csproj", "{B90242F3-F7B7-4A38-A12D-B567C386B6EE}"
EndProject
Global
	GlobalSection(SolutionConfigurationPlatforms) = preSolution
		Debug|Any CPU = Debug|Any CPU
		Release|Any CPU = Release|Any CPU
	EndGlobalSection
	GlobalSection(ProjectConfigurationPlatforms) = postSolution
		{B90242F3-F7B7-4A38-A12D-B567C386B6EE}.Debug|Any CPU.ActiveCfg = Debug|Any CPU
		{B90242F3-F7B7-4A38-A12D-B567C386B6EE}.Debug|Any CPU.Build.0 = Debug|Any CPU
		{B90242F3-F7B7-4A38-A12D-B567C386B6EE}.Release|Any CPU.ActiveCfg = Release|Any CPU
		{B90242F3-F7B7-4A38-A12D-B567C386B6EE}.Release|Any CPU.Build.0 = Release|Any CPU
	EndGlobalSection
	GlobalSection(SolutionProperties) = preSolution
		HideSolutionNode = FALSE
	EndGlobalSection
	GlobalSection(ExtensibilityGlobals) = postSolution
		SolutionGuid = {82873BAA-DE1C-434C-9798-F43AF8DC456F}
	EndGlobalSection
EndGlobal
