
Microsoft Visual Studio Solution File, Format Version 12.00
# Visual Studio Version 16
VisualStudioVersion = 16.0.31515.178
MinimumVisualStudioVersion = 10.0.40219.1
Project("{FAE04EC0-301F-11D3-BF4B-00C04F79EFBC}") = "Array_App", "Array_App\Array_App.csproj", "{F33F085F-B9E7-474A-8D0D-7ADBBF3F4DCD}"
EndProject
Global
	GlobalSection(SolutionConfigurationPlatforms) = preSolution
		Debug|Any CPU = Debug|Any CPU
		Release|Any CPU = Release|Any CPU
	EndGlobalSection
	GlobalSection(ProjectConfigurationPlatforms) = postSolution
		{F33F085F-B9E7-474A-8D0D-7ADBBF3F4DCD}.Debug|Any CPU.ActiveCfg = Debug|Any CPU
		{F33F085F-B9E7-474A-8D0D-7ADBBF3F4DCD}.Debug|Any CPU.Build.0 = Debug|Any CPU
		{F33F085F-B9E7-474A-8D0D-7ADBBF3F4DCD}.Release|Any CPU.ActiveCfg = Release|Any CPU
		{F33F085F-B9E7-474A-8D0D-7ADBBF3F4DCD}.Release|Any CPU.Build.0 = Release|Any CPU
	EndGlobalSection
	GlobalSection(SolutionProperties) = preSolution
		HideSolutionNode = FALSE
	EndGlobalSection
	GlobalSection(ExtensibilityGlobals) = postSolution
		SolutionGuid = {98BC44CE-DDD6-4859-9F35-E0FE65B2EDB3}
	EndGlobalSection
EndGlobal
