
Microsoft Visual Studio Solution File, Format Version 12.00
# Visual Studio Version 16
VisualStudioVersion = 16.0.31515.178
MinimumVisualStudioVersion = 10.0.40219.1
Project("{FAE04EC0-301F-11D3-BF4B-00C04F79EFBC}") = "Inheritance", "Inheritance\Inheritance.csproj", "{36EDBEE6-289B-4895-B965-9C97CB4EA9DC}"
EndProject
Global
	GlobalSection(SolutionConfigurationPlatforms) = preSolution
		Debug|Any CPU = Debug|Any CPU
		Release|Any CPU = Release|Any CPU
	EndGlobalSection
	GlobalSection(ProjectConfigurationPlatforms) = postSolution
		{36EDBEE6-289B-4895-B965-9C97CB4EA9DC}.Debug|Any CPU.ActiveCfg = Debug|Any CPU
		{36EDBEE6-289B-4895-B965-9C97CB4EA9DC}.Debug|Any CPU.Build.0 = Debug|Any CPU
		{36EDBEE6-289B-4895-B965-9C97CB4EA9DC}.Release|Any CPU.ActiveCfg = Release|Any CPU
		{36EDBEE6-289B-4895-B965-9C97CB4EA9DC}.Release|Any CPU.Build.0 = Release|Any CPU
	EndGlobalSection
	GlobalSection(SolutionProperties) = preSolution
		HideSolutionNode = FALSE
	EndGlobalSection
	GlobalSection(ExtensibilityGlobals) = postSolution
		SolutionGuid = {72E9BACC-598E-49A8-ABB9-74A2A54FB593}
	EndGlobalSection
EndGlobal
